dependencies:
  chmorgan/esp-libhelix-mp3:
    component_hash: cbb76089dc2c5749f7b470e2e70aedc44c9da519e04eb9a67d4c7ec275229e53
    dependencies:
    - name: idf
      registry_url: https://components.espressif.com
      require: private
      version: '>=4.1.0'
    source:
      registry_url: https://components.espressif.com/
      type: service
    version: 1.0.3
  espressif/esp_modem:
    component_hash: b541c3f5765d3ba062c0d004b9ca6da6d0af908293421c2dbe046c537fb2a011
    dependencies:
    - name: idf
      require: private
      version: '>=4.1'
    source:
      registry_url: https://components.espressif.com/
      type: service
    version: 1.4.0
  espressif/mdns:
    component_hash: 3ec0af5f6bce310512e90f482388d21cc7c0e99668172d2f895356165fc6f7c5
    dependencies:
    - name: idf
      require: private
      version: '>=5.0'
    source:
      registry_url: https://components.espressif.com/
      type: service
    version: 1.8.2
  espressif/network_provisioning:
    component_hash: ef2e10182fd1861e68b821491916327c25416ca7ae70e5a6e43313dbc71fe993
    dependencies:
    - name: idf
      registry_url: https://components.espressif.com
      require: private
      version: '>=5.1'
    source:
      registry_url: https://components.espressif.com/
      type: service
    version: 1.0.2
  idf:
    source:
      type: idf
    version: 5.4.1
  joltwallet/littlefs:
    component_hash: e1dbe782be5aa58e879fe9f22bee60e5ff68acbfe3793d92a2e730c27374c787
    dependencies:
    - name: idf
      require: private
      version: '>=5.0'
    source:
      registry_url: https://components.espressif.com/
      type: service
    version: 1.19.2
direct_dependencies:
- chmorgan/esp-libhelix-mp3
- espressif/esp_modem
- espressif/mdns
- espressif/network_provisioning
- idf
- joltwallet/littlefs
manifest_hash: e9919b5b28bb7bb038864af176d8e81936400eff14ef44258dd5186bdc427ec2
target: esp32p4
version: 2.0.0
